// !$*UTF8*$!
{
	archiveVersion = 1;
	classes = {
	};
	objectVersion = 50;
	objects = {

/* Begin PBXBuildFile section */
		C22F142420ED313300EC2BEF /* AppDelegate.swift in Sources */ = {isa = PBXBuildFile; fileRef = C22F142320ED313300EC2BEF /* AppDelegate.swift */; };
		C22F142620ED313300EC2BEF /* ViewController.swift in Sources */ = {isa = PBXBuildFile; fileRef = C22F142520ED313300EC2BEF /* ViewController.swift */; };
		C22F142920ED313300EC2BEF /* Main.storyboard in Resources */ = {isa = PBXBuildFile; fileRef = C22F142720ED313300EC2BEF /* Main.storyboard */; };
		C22F142B20ED313400EC2BEF /* Assets.xcassets in Resources */ = {isa = PBXBuildFile; fileRef = C22F142A20ED313400EC2BEF /* Assets.xcassets */; };
		C22F143920ED313400EC2BEF /* NewsAppTests.swift in Sources */ = {isa = PBXBuildFile; fileRef = C22F143820ED313400EC2BEF /* NewsAppTests.swift */; };
		C22F144420ED313400EC2BEF /* NewsAppUITests.swift in Sources */ = {isa = PBXBuildFile; fileRef = C22F144320ED313400EC2BEF /* NewsAppUITests.swift */; };
		C22F145620ED3E6800EC2BEF /* ArticleCell.swift in Sources */ = {isa = PBXBuildFile; fileRef = C22F145520ED3E6800EC2BEF /* ArticleCell.swift */; };
		C22F145820ED3EAB00EC2BEF /* Article.swift in Sources */ = {isa = PBXBuildFile; fileRef = C22F145720ED3EAB00EC2BEF /* Article.swift */; };
		C22F145C20F0221100EC2BEF /* WebViewController.swift in Sources */ = {isa = PBXBuildFile; fileRef = C22F145B20F0221100EC2BEF /* WebViewController.swift */; };
/* End PBXBuildFile section */

/* Begin PBXContainerItemProxy section */
		C22F143520ED313400EC2BEF /* PBXContainerItemProxy */ = {
			isa = PBXContainerItemProxy;
			containerPortal = C22F141820ED313300EC2BEF /* Project object */;
			proxyType = 1;
			remoteGlobalIDString = C22F141F20ED313300EC2BEF;
			remoteInfo = NewsApp;
		};
		C22F144020ED313400EC2BEF /* PBXContainerItemProxy */ = {
			isa = PBXContainerItemProxy;
			containerPortal = C22F141820ED313300EC2BEF /* Project object */;
			proxyType = 1;
			remoteGlobalIDString = C22F141F20ED313300EC2BEF;
			remoteInfo = NewsApp;
		};
/* End PBXContainerItemProxy section */

/* Begin PBXFileReference section */
		C22F142020ED313300EC2BEF /* NewsApp.app */ = {isa = PBXFileReference; explicitFileType = wrapper.application; includeInIndex = 0; path = NewsApp.app; sourceTree = BUILT_PRODUCTS_DIR; };
		C22F142320ED313300EC2BEF /* AppDelegate.swift */ = {isa = PBXFileReference; lastKnownFileType = sourcecode.swift; path = AppDelegate.swift; sourceTree = "<group>"; };
		C22F142520ED313300EC2BEF /* ViewController.swift */ = {isa = PBXFileReference; lastKnownFileType = sourcecode.swift; path = ViewController.swift; sourceTree = "<group>"; };
		C22F142820ED313300EC2BEF /* Base */ = {isa = PBXFileReference; lastKnownFileType = file.storyboard; name = Base; path = Base.lproj/Main.storyboard; sourceTree = "<group>"; };
		C22F142A20ED313400EC2BEF /* Assets.xcassets */ = {isa = PBXFileReference; lastKnownFileType = folder.assetcatalog; path = Assets.xcassets; sourceTree = "<group>"; };
		C22F142F20ED313400EC2BEF /* Info.plist */ = {isa = PBXFileReference; lastKnownFileType = text.plist.xml; path = Info.plist; sourceTree = "<group>"; };
		C22F143420ED313400EC2BEF /* NewsAppTests.xctest */ = {isa = PBXFileReference; explicitFileType = wrapper.cfbundle; includeInIndex = 0; path = NewsAppTests.xctest; sourceTree = BUILT_PRODUCTS_DIR; };
		C22F143820ED313400EC2BEF /* NewsAppTests.swift */ = {isa = PBXFileReference; lastKnownFileType = sourcecode.swift; path = NewsAppTests.swift; sourceTree = "<group>"; };
		C22F143A20ED313400EC2BEF /* Info.plist */ = {isa = PBXFileReference; lastKnownFileType = text.plist.xml; path = Info.plist; sourceTree = "<group>"; };
		C22F143F20ED313400EC2BEF /* NewsAppUITests.xctest */ = {isa = PBXFileReference; explicitFileType = wrapper.cfbundle; includeInIndex = 0; path = NewsAppUITests.xctest; sourceTree = BUILT_PRODUCTS_DIR; };
		C22F144320ED313400EC2BEF /* NewsAppUITests.swift */ = {isa = PBXFileReference; lastKnownFileType = sourcecode.swift; path = NewsAppUITests.swift; sourceTree = "<group>"; };
		C22F144520ED313400EC2BEF /* Info.plist */ = {isa = PBXFileReference; lastKnownFileType = text.plist.xml; path = Info.plist; sourceTree = "<group>"; };
		C22F145520ED3E6800EC2BEF /* ArticleCell.swift */ = {isa = PBXFileReference; lastKnownFileType = sourcecode.swift; path = ArticleCell.swift; sourceTree = "<group>"; };
		C22F145720ED3EAB00EC2BEF /* Article.swift */ = {isa = PBXFileReference; lastKnownFileType = sourcecode.swift; path = Article.swift; sourceTree = "<group>"; };
		C22F145B20F0221100EC2BEF /* WebViewController.swift */ = {isa = PBXFileReference; lastKnownFileType = sourcecode.swift; path = WebViewController.swift; sourceTree = "<group>"; };
/* End PBXFileReference section */

/* Begin PBXFrameworksBuildPhase section */
		C22F141D20ED313300EC2BEF /* Frameworks */ = {
			isa = PBXFrameworksBuildPhase;
			buildActionMask = 2147483647;
			files = (
			);
			runOnlyForDeploymentPostprocessing = 0;
		};
		C22F143120ED313400EC2BEF /* Frameworks */ = {
			isa = PBXFrameworksBuildPhase;
			buildActionMask = 2147483647;
			files = (
			);
			runOnlyForDeploymentPostprocessing = 0;
		};
		C22F143C20ED313400EC2BEF /* Frameworks */ = {
			isa = PBXFrameworksBuildPhase;
			buildActionMask = 2147483647;
			files = (
			);
			runOnlyForDeploymentPostprocessing = 0;
		};
/* End PBXFrameworksBuildPhase section */

/* Begin PBXGroup section */
		C22F141720ED313300EC2BEF = {
			isa = PBXGroup;
			children = (
				C22F142220ED313300EC2BEF /* NewsApp */,
				C22F143720ED313400EC2BEF /* NewsAppTests */,
				C22F144220ED313400EC2BEF /* NewsAppUITests */,
				C22F142120ED313300EC2BEF /* Products */,
			);
			sourceTree = "<group>";
		};
		C22F142120ED313300EC2BEF /* Products */ = {
			isa = PBXGroup;
			children = (
				C22F142020ED313300EC2BEF /* NewsApp.app */,
				C22F143420ED313400EC2BEF /* NewsAppTests.xctest */,
				C22F143F20ED313400EC2BEF /* NewsAppUITests.xctest */,
			);
			name = Products;
			sourceTree = "<group>";
		};
		C22F142220ED313300EC2BEF /* NewsApp */ = {
			isa = PBXGroup;
			children = (
				C22F142320ED313300EC2BEF /* AppDelegate.swift */,
				C22F142720ED313300EC2BEF /* Main.storyboard */,
				C22F142520ED313300EC2BEF /* ViewController.swift */,
				C22F145520ED3E6800EC2BEF /* ArticleCell.swift */,
				C22F145720ED3EAB00EC2BEF /* Article.swift */,
				C22F145B20F0221100EC2BEF /* WebViewController.swift */,
				C22F142A20ED313400EC2BEF /* Assets.xcassets */,
				C22F142F20ED313400EC2BEF /* Info.plist */,
			);
			path = NewsApp;
			sourceTree = "<group>";
		};
		C22F143720ED313400EC2BEF /* NewsAppTests */ = {
			isa = PBXGroup;
			children = (
				C22F143820ED313400EC2BEF /* NewsAppTests.swift */,
				C22F143A20ED313400EC2BEF /* Info.plist */,
			);
			path = NewsAppTests;
			sourceTree = "<group>";
		};
		C22F144220ED313400EC2BEF /* NewsAppUITests */ = {
			isa = PBXGroup;
			children = (
				C22F144320ED313400EC2BEF /* NewsAppUITests.swift */,
				C22F144520ED313400EC2BEF /* Info.plist */,
			);
			path = NewsAppUITests;
			sourceTree = "<group>";
		};
/* End PBXGroup section */

/* Begin PBXNativeTarget section */
		C22F141F20ED313300EC2BEF /* NewsApp */ = {
			isa = PBXNativeTarget;
			buildConfigurationList = C22F144820ED313400EC2BEF /* Build configuration list for PBXNativeTarget "NewsApp" */;
			buildPhases = (
				C22F141C20ED313300EC2BEF /* Sources */,
				C22F141D20ED313300EC2BEF /* Frameworks */,
				C22F141E20ED313300EC2BEF /* Resources */,
			);
			buildRules = (
			);
			dependencies = (
			);
			name = NewsApp;
			productName = NewsApp;
			productReference = C22F142020ED313300EC2BEF /* NewsApp.app */;
			productType = "com.apple.product-type.application";
		};
		C22F143320ED313400EC2BEF /* NewsAppTests */ = {
			isa = PBXNativeTarget;
			buildConfigurationList = C22F144B20ED313400EC2BEF /* Build configuration list for PBXNativeTarget "NewsAppTests" */;
			buildPhases = (
				C22F143020ED313400EC2BEF /* Sources */,
				C22F143120ED313400EC2BEF /* Frameworks */,
				C22F143220ED313400EC2BEF /* Resources */,
			);
			buildRules = (
			);
			dependencies = (
				C22F143620ED313400EC2BEF /* PBXTargetDependency */,
			);
			name = NewsAppTests;
			productName = NewsAppTests;
			productReference = C22F143420ED313400EC2BEF /* NewsAppTests.xctest */;
			productType = "com.apple.product-type.bundle.unit-test";
		};
		C22F143E20ED313400EC2BEF /* NewsAppUITests */ = {
			isa = PBXNativeTarget;
			buildConfigurationList = C22F144E20ED313400EC2BEF /* Build configuration list for PBXNativeTarget "NewsAppUITests" */;
			buildPhases = (
				C22F143B20ED313400EC2BEF /* Sources */,
				C22F143C20ED313400EC2BEF /* Frameworks */,
				C22F143D20ED313400EC2BEF /* Resources */,
			);
			buildRules = (
			);
			dependencies = (
				C22F144120ED313400EC2BEF /* PBXTargetDependency */,
			);
			name = NewsAppUITests;
			productName = NewsAppUITests;
			productReference = C22F143F20ED313400EC2BEF /* NewsAppUITests.xctest */;
			productType = "com.apple.product-type.bundle.ui-testing";
		};
/* End PBXNativeTarget section */

/* Begin PBXProject section */
		C22F141820ED313300EC2BEF /* Project object */ = {
			isa = PBXProject;
			attributes = {
				LastSwiftUpdateCheck = 0940;
				LastUpgradeCheck = 0940;
				ORGANIZATIONNAME = "Yassine Marzouki";
				TargetAttributes = {
					C22F141F20ED313300EC2BEF = {
						CreatedOnToolsVersion = 9.4.1;
					};
					C22F143320ED313400EC2BEF = {
						CreatedOnToolsVersion = 9.4.1;
						TestTargetID = C22F141F20ED313300EC2BEF;
					};
					C22F143E20ED313400EC2BEF = {
						CreatedOnToolsVersion = 9.4.1;
						TestTargetID = C22F141F20ED313300EC2BEF;
					};
				};
			};
			buildConfigurationList = C22F141B20ED313300EC2BEF /* Build configuration list for PBXProject "NewsApp" */;
			compatibilityVersion = "Xcode 9.3";
			developmentRegion = en;
			hasScannedForEncodings = 0;
			knownRegions = (
				en,
				Base,
			);
			mainGroup = C22F141720ED313300EC2BEF;
			productRefGroup = C22F142120ED313300EC2BEF /* Products */;
			projectDirPath = "";
			projectRoot = "";
			targets = (
				C22F141F20ED313300EC2BEF /* NewsApp */,
				C22F143320ED313400EC2BEF /* NewsAppTests */,
				C22F143E20ED313400EC2BEF /* NewsAppUITests */,
			);
		};
/* End PBXProject section */

/* Begin PBXResourcesBuildPhase section */
		C22F141E20ED313300EC2BEF /* Resources */ = {
			isa = PBXResourcesBuildPhase;
			buildActionMask = 2147483647;
			files = (
				C22F142B20ED313400EC2BEF /* Assets.xcassets in Resources */,
				C22F142920ED313300EC2BEF /* Main.storyboard in Resources */,
			);
			runOnlyForDeploymentPostprocessing = 0;
		};
		C22F143220ED313400EC2BEF /* Resources */ = {
			isa = PBXResourcesBuildPhase;
			buildActionMask = 2147483647;
			files = (
			);
			runOnlyForDeploymentPostprocessing = 0;
		};
		C22F143D20ED313400EC2BEF /* Resources */ = {
			isa = PBXResourcesBuildPhase;
			buildActionMask = 2147483647;
			files = (
			);
			runOnlyForDeploymentPostprocessing = 0;
		};
/* End PBXResourcesBuildPhase section */

/* Begin PBXSourcesBuildPhase section */
		C22F141C20ED313300EC2BEF /* Sources */ = {
			isa = PBXSourcesBuildPhase;
			buildActionMask = 2147483647;
			files = (
				C22F145820ED3EAB00EC2BEF /* Article.swift in Sources */,
				C22F142620ED313300EC2BEF /* ViewController.swift in Sources */,
				C22F142420ED313300EC2BEF /* AppDelegate.swift in Sources */,
				C22F145C20F0221100EC2BEF /* WebViewController.swift in Sources */,
				C22F145620ED3E6800EC2BEF /* ArticleCell.swift in Sources */,
			);
			runOnlyForDeploymentPostprocessing = 0;
		};
		C22F143020ED313400EC2BEF /* Sources */ = {
			isa = PBXSourcesBuildPhase;
			buildActionMask = 2147483647;
			files = (
				C22F143920ED313400EC2BEF /* NewsAppTests.swift in Sources */,
			);
			runOnlyForDeploymentPostprocessing = 0;
		};
		C22F143B20ED313400EC2BEF /* Sources */ = {
			isa = PBXSourcesBuildPhase;
			buildActionMask = 2147483647;
			files = (
				C22F144420ED313400EC2BEF /* NewsAppUITests.swift in Sources */,
			);
			runOnlyForDeploymentPostprocessing = 0;
		};
/* End PBXSourcesBuildPhase section */

/* Begin PBXTargetDependency section */
		C22F143620ED313400EC2BEF /* PBXTargetDependency */ = {
			isa = PBXTargetDependency;
			target = C22F141F20ED313300EC2BEF /* NewsApp */;
			targetProxy = C22F143520ED313400EC2BEF /* PBXContainerItemProxy */;
		};
		C22F144120ED313400EC2BEF /* PBXTargetDependency */ = {
			isa = PBXTargetDependency;
			target = C22F141F20ED313300EC2BEF /* NewsApp */;
			targetProxy = C22F144020ED313400EC2BEF /* PBXContainerItemProxy */;
		};
/* End PBXTargetDependency section */

/* Begin PBXVariantGroup section */
		C22F142720ED313300EC2BEF /* Main.storyboard */ = {
			isa = PBXVariantGroup;
			children = (
				C22F142820ED313300EC2BEF /* Base */,
			);
			name = Main.storyboard;
			sourceTree = "<group>";
		};
/* End PBXVariantGroup section */

/* Begin XCBuildConfiguration section */
		C22F144620ED313400EC2BEF /* Debug */ = {
			isa = XCBuildConfiguration;
			buildSettings = {
				ALWAYS_SEARCH_USER_PATHS = NO;
				CLANG_ANALYZER_NONNULL = YES;
				CLANG_ANALYZER_NUMBER_OBJECT_CONVERSION = YES_AGGRESSIVE;
				CLANG_CXX_LANGUAGE_STANDARD = "gnu++14";
				CLANG_CXX_LIBRARY = "libc++";
				CLANG_ENABLE_MODULES = YES;
				CLANG_ENABLE_OBJC_ARC = YES;
				CLANG_ENABLE_OBJC_WEAK = YES;
				CLANG_WARN_BLOCK_CAPTURE_AUTORELEASING = YES;
				CLANG_WARN_BOOL_CONVERSION = YES;
				CLANG_WARN_COMMA = YES;
				CLANG_WARN_CONSTANT_CONVERSION = YES;
				CLANG_WARN_DEPRECATED_OBJC_IMPLEMENTATIONS = YES;
				CLANG_WARN_DIRECT_OBJC_ISA_USAGE = YES_ERROR;
				CLANG_WARN_DOCUMENTATION_COMMENTS = YES;
				CLANG_WARN_EMPTY_BODY = YES;
				CLANG_WARN_ENUM_CONVERSION = YES;
				CLANG_WARN_INFINITE_RECURSION = YES;
				CLANG_WARN_INT_CONVERSION = YES;
				CLANG_WARN_NON_LITERAL_NULL_CONVERSION = YES;
				CLANG_WARN_OBJC_IMPLICIT_RETAIN_SELF = YES;
				CLANG_WARN_OBJC_LITERAL_CONVERSION = YES;
				CLANG_WARN_OBJC_ROOT_CLASS = YES_ERROR;
				CLANG_WARN_RANGE_LOOP_ANALYSIS = YES;
				CLANG_WARN_STRICT_PROTOTYPES = YES;
				CLANG_WARN_SUSPICIOUS_MOVE = YES;
				CLANG_WARN_UNGUARDED_AVAILABILITY = YES_AGGRESSIVE;
				CLANG_WARN_UNREACHABLE_CODE = YES;
				CLANG_WARN__DUPLICATE_METHOD_MATCH = YES;
				CODE_SIGN_IDENTITY = "iPhone Developer";
				COPY_PHASE_STRIP = NO;
				DEBUG_INFORMATION_FORMAT = dwarf;
				ENABLE_STRICT_OBJC_MSGSEND = YES;
				ENABLE_TESTABILITY = YES;
				GCC_C_LANGUAGE_STANDARD = gnu11;
				GCC_DYNAMIC_NO_PIC = NO;
				GCC_NO_COMMON_BLOCKS = YES;
				GCC_OPTIMIZATION_LEVEL = 0;
				GCC_PREPROCESSOR_DEFINITIONS = (
					"DEBUG=1",
					"$(inherited)",
				);
				GCC_WARN_64_TO_32_BIT_CONVERSION = YES;
				GCC_WARN_ABOUT_RETURN_TYPE = YES_ERROR;
				GCC_WARN_UNDECLARED_SELECTOR = YES;
				GCC_WARN_UNINITIALIZED_AUTOS = YES_AGGRESSIVE;
				GCC_WARN_UNUSED_FUNCTION = YES;
				GCC_WARN_UNUSED_VARIABLE = YES;
				IPHONEOS_DEPLOYMENT_TARGET = 11.4;
				MTL_ENABLE_DEBUG_INFO = YES;
				ONLY_ACTIVE_ARCH = YES;
				SDKROOT = iphoneos;
				SWIFT_ACTIVE_COMPILATION_CONDITIONS = DEBUG;
				SWIFT_OPTIMIZATION_LEVEL = "-Onone";
			};
			name = Debug;
		};
		C22F144720ED313400EC2BEF /* Release */ = {
			isa = XCBuildConfiguration;
			buildSettings = {
				ALWAYS_SEARCH_USER_PATHS = NO;
				CLANG_ANALYZER_NONNULL = YES;
				CLANG_ANALYZER_NUMBER_OBJECT_CONVERSION = YES_AGGRESSIVE;
				CLANG_CXX_LANGUAGE_STANDARD = "gnu++14";
				CLANG_CXX_LIBRARY = "libc++";
				CLANG_ENABLE_MODULES = YES;
				CLANG_ENABLE_OBJC_ARC = YES;
				CLANG_ENABLE_OBJC_WEAK = YES;
				CLANG_WARN_BLOCK_CAPTURE_AUTORELEASING = YES;
				CLANG_WARN_BOOL_CONVERSION = YES;
				CLANG_WARN_COMMA = YES;
				CLANG_WARN_CONSTANT_CONVERSION = YES;
				CLANG_WARN_DEPRECATED_OBJC_IMPLEMENTATIONS = YES;
				CLANG_WARN_DIRECT_OBJC_ISA_USAGE = YES_ERROR;
				CLANG_WARN_DOCUMENTATION_COMMENTS = YES;
				CLANG_WARN_EMPTY_BODY = YES;
				CLANG_WARN_ENUM_CONVERSION = YES;
				CLANG_WARN_INFINITE_RECURSION = YES;
				CLANG_WARN_INT_CONVERSION = YES;
				CLANG_WARN_NON_LITERAL_NULL_CONVERSION = YES;
				CLANG_WARN_OBJC_IMPLICIT_RETAIN_SELF = YES;
				CLANG_WARN_OBJC_LITERAL_CONVERSION = YES;
				CLANG_WARN_OBJC_ROOT_CLASS = YES_ERROR;
				CLANG_WARN_RANGE_LOOP_ANALYSIS = YES;
				CLANG_WARN_STRICT_PROTOTYPES = YES;
				CLANG_WARN_SUSPICIOUS_MOVE = YES;
				CLANG_WARN_UNGUARDED_AVAILABILITY = YES_AGGRESSIVE;
				CLANG_WARN_UNREACHABLE_CODE = YES;
				CLANG_WARN__DUPLICATE_METHOD_MATCH = YES;
				CODE_SIGN_IDENTITY = "iPhone Developer";
				COPY_PHASE_STRIP = NO;
				DEBUG_INFORMATION_FORMAT = "dwarf-with-dsym";
				ENABLE_NS_ASSERTIONS = NO;
				ENABLE_STRICT_OBJC_MSGSEND = YES;
				GCC_C_LANGUAGE_STANDARD = gnu11;
				GCC_NO_COMMON_BLOCKS = YES;
				GCC_WARN_64_TO_32_BIT_CONVERSION = YES;
				GCC_WARN_ABOUT_RETURN_TYPE = YES_ERROR;
				GCC_WARN_UNDECLARED_SELECTOR = YES;
				GCC_WARN_UNINITIALIZED_AUTOS = YES_AGGRESSIVE;
				GCC_WARN_UNUSED_FUNCTION = YES;
				GCC_WARN_UNUSED_VARIABLE = YES;
				IPHONEOS_DEPLOYMENT_TARGET = 11.4;
				MTL_ENABLE_DEBUG_INFO = NO;
				SDKROOT = iphoneos;
				SWIFT_COMPILATION_MODE = wholemodule;
				SWIFT_OPTIMIZATION_LEVEL = "-O";
				VALIDATE_PRODUCT = YES;
			};
			name = Release;
		};
		C22F144920ED313400EC2BEF /* Debug */ = {
			isa = XCBuildConfiguration;
			buildSettings = {
				ASSETCATALOG_COMPILER_APPICON_NAME = AppIcon;
				CODE_SIGN_STYLE = Automatic;
				DEVELOPMENT_TEAM = 6867VBV394;
				INFOPLIST_FILE = NewsApp/Info.plist;
				LD_RUNPATH_SEARCH_PATHS = (
					"$(inherited)",
					"@executable_path/Frameworks",
				);
				PRODUCT_BUNDLE_IDENTIFIER = yassine.NewsApp;
				PRODUCT_NAME = "$(TARGET_NAME)";
				SWIFT_VERSION = 4.0;
				TARGETED_DEVICE_FAMILY = "1,2";
			};
			name = Debug;
		};
		C22F144A20ED313400EC2BEF /* Release */ = {
			isa = XCBuildConfiguration;
			buildSettings = {
				ASSETCATALOG_COMPILER_APPICON_NAME = AppIcon;
				CODE_SIGN_STYLE = Automatic;
				DEVELOPMENT_TEAM = 6867VBV394;
				INFOPLIST_FILE = NewsApp/Info.plist;
				LD_RUNPATH_SEARCH_PATHS = (
					"$(inherited)",
					"@executable_path/Frameworks",
				);
				PRODUCT_BUNDLE_IDENTIFIER = yassine.NewsApp;
				PRODUCT_NAME = "$(TARGET_NAME)";
				SWIFT_VERSION = 4.0;
				TARGETED_DEVICE_FAMILY = "1,2";
			};
			name = Release;
		};
		C22F144C20ED313400EC2BEF /* Debug */ = {
			isa = XCBuildConfiguration;
			buildSettings = {
				ALWAYS_EMBED_SWIFT_STANDARD_LIBRARIES = YES;
				BUNDLE_LOADER = "$(TEST_HOST)";
				CODE_SIGN_STYLE = Automatic;
				DEVELOPMENT_TEAM = 6867VBV394;
				INFOPLIST_FILE = NewsAppTests/Info.plist;
				LD_RUNPATH_SEARCH_PATHS = (
					"$(inherited)",
					"@executable_path/Frameworks",
					"@loader_path/Frameworks",
				);
				PRODUCT_BUNDLE_IDENTIFIER = yassine.NewsAppTests;
				PRODUCT_NAME = "$(TARGET_NAME)";
				SWIFT_VERSION = 4.0;
				TARGETED_DEVICE_FAMILY = "1,2";
				TEST_HOST = "$(BUILT_PRODUCTS_DIR)/NewsApp.app/NewsApp";
			};
			name = Debug;
		};
		C22F144D20ED313400EC2BEF /* Release */ = {
			isa = XCBuildConfiguration;
			buildSettings = {
				ALWAYS_EMBED_SWIFT_STANDARD_LIBRARIES = YES;
				BUNDLE_LOADER = "$(TEST_HOST)";
				CODE_SIGN_STYLE = Automatic;
				DEVELOPMENT_TEAM = 6867VBV394;
				INFOPLIST_FILE = NewsAppTests/Info.plist;
				LD_RUNPATH_SEARCH_PATHS = (
					"$(inherited)",
					"@executable_path/Frameworks",
					"@loader_path/Frameworks",
				);
				PRODUCT_BUNDLE_IDENTIFIER = yassine.NewsAppTests;
				PRODUCT_NAME = "$(TARGET_NAME)";
				SWIFT_VERSION = 4.0;
				TARGETED_DEVICE_FAMILY = "1,2";
				TEST_HOST = "$(BUILT_PRODUCTS_DIR)/NewsApp.app/NewsApp";
			};
			name = Release;
		};
		C22F144F20ED313400EC2BEF /* Debug */ = {
			isa = XCBuildConfiguration;
			buildSettings = {
				ALWAYS_EMBED_SWIFT_STANDARD_LIBRARIES = YES;
				CODE_SIGN_STYLE = Automatic;
				DEVELOPMENT_TEAM = 6867VBV394;
				INFOPLIST_FILE = NewsAppUITests/Info.plist;
				LD_RUNPATH_SEARCH_PATHS = (
					"$(inherited)",
					"@executable_path/Frameworks",
					"@loader_path/Frameworks",
				);
				PRODUCT_BUNDLE_IDENTIFIER = yassine.NewsAppUITests;
				PRODUCT_NAME = "$(TARGET_NAME)";
				SWIFT_VERSION = 4.0;
				TARGETED_DEVICE_FAMILY = "1,2";
				TEST_TARGET_NAME = NewsApp;
			};
			name = Debug;
		};
		C22F145020ED313400EC2BEF /* Release */ = {
			isa = XCBuildConfiguration;
			buildSettings = {
				ALWAYS_EMBED_SWIFT_STANDARD_LIBRARIES = YES;
				CODE_SIGN_STYLE = Automatic;
				DEVELOPMENT_TEAM = 6867VBV394;
				INFOPLIST_FILE = NewsAppUITests/Info.plist;
				LD_RUNPATH_SEARCH_PATHS = (
					"$(inherited)",
					"@executable_path/Frameworks",
					"@loader_path/Frameworks",
				);
				PRODUCT_BUNDLE_IDENTIFIER = yassine.NewsAppUITests;
				PRODUCT_NAME = "$(TARGET_NAME)";
				SWIFT_VERSION = 4.0;
				TARGETED_DEVICE_FAMILY = "1,2";
				TEST_TARGET_NAME = NewsApp;
			};
			name = Release;
		};
/* End XCBuildConfiguration section */

/* Begin XCConfigurationList section */
		C22F141B20ED313300EC2BEF /* Build configuration list for PBXProject "NewsApp" */ = {
			isa = XCConfigurationList;
			buildConfigurations = (
				C22F144620ED313400EC2BEF /* Debug */,
				C22F144720ED313400EC2BEF /* Release */,
			);
			defaultConfigurationIsVisible = 0;
			defaultConfigurationName = Release;
		};
		C22F144820ED313400EC2BEF /* Build configuration list for PBXNativeTarget "NewsApp" */ = {
			isa = XCConfigurationList;
			buildConfigurations = (
				C22F144920ED313400EC2BEF /* Debug */,
				C22F144A20ED313400EC2BEF /* Release */,
			);
			defaultConfigurationIsVisible = 0;
			defaultConfigurationName = Release;
		};
		C22F144B20ED313400EC2BEF /* Build configuration list for PBXNativeTarget "NewsAppTests" */ = {
			isa = XCConfigurationList;
			buildConfigurations = (
				C22F144C20ED313400EC2BEF /* Debug */,
				C22F144D20ED313400EC2BEF /* Release */,
			);
			defaultConfigurationIsVisible = 0;
			defaultConfigurationName = Release;
		};
		C22F144E20ED313400EC2BEF /* Build configuration list for PBXNativeTarget "NewsAppUITests" */ = {
			isa = XCConfigurationList;
			buildConfigurations = (
				C22F144F20ED313400EC2BEF /* Debug */,
				C22F145020ED313400EC2BEF /* Release */,
			);
			defaultConfigurationIsVisible = 0;
			defaultConfigurationName = Release;
		};
/* End XCConfigurationList section */
	};
	rootObject = C22F141820ED313300EC2BEF /* Project object */;
}
